
Microsoft Visual Studio Solution File, Format Version 12.00
# Visual Studio Version 17
VisualStudioVersion = 17.0.31903.59
MinimumVisualStudioVersion = 10.0.40219.1
Project("{FAE04EC0-301F-11D3-BF4B-00C04F79EFBC}") = "Dovetail.Core", "Dovetail.Core\Dovetail.Core.csproj", "{11089263-D9BB-4EC0-B5FD-79C918BCB338}"
EndProject
Project("{FAE04EC0-301F-11D3-BF4B-00C04F79EFBC}") = "Dovetail.Diagnostics", "Dovetail.Diagnostics\Dovetail.Diagnostics.csproj", "{8775E647-DB64-4855-9A05-2F60B61A4F23}"
EndProject
Project("{FAE04EC0-301F-11D3-BF4B-00C04F79EFBC}") = "Dovetail.Engine", "Dovetail.Engine\Dovetail.Engine.csproj", "{1D4389F9-48FF-4C87-8BD4-E0BF331679BA}"
EndProject
Project("{FAE04EC0-301F-11D3-BF4B-00C04F79EFBC}") = "Dovetail.App", "Dovetail.App\Dovetail.App.csproj", "{DA70CFB4-2768-4BF4-91F1-2BB7F9211DC9}"
EndProject
Global
	GlobalSection(SolutionConfigurationPlatforms) = preSolution
		Debug|Any CPU = Debug|Any CPU
		Release|Any CPU = Release|Any CPU
	EndGlobalSection
	GlobalSection(SolutionProperties) = preSolution
		HideSolutionNode = FALSE
	EndGlobalSection
	GlobalSection(ProjectConfigurationPlatforms) = postSolution
		{11089263-D9BB-4EC0-B5FD-79C918BCB338}.Debug|Any CPU.ActiveCfg = Debug|x64
		{11089263-D9BB-4EC0-B5FD-79C918BCB338}.Debug|Any CPU.Build.0 = Debug|x64
		{11089263-D9BB-4EC0-B5FD-79C918BCB338}.Release|Any CPU.ActiveCfg = Release|x64
		{11089263-D9BB-4EC0-B5FD-79C918BCB338}.Release|Any CPU.Build.0 = Release|x64
		{8775E647-DB64-4855-9A05-2F60B61A4F23}.Debug|Any CPU.ActiveCfg = Debug|x64
		{8775E647-DB64-4855-9A05-2F60B61A4F23}.Debug|Any CPU.Build.0 = Debug|x64
		{8775E647-DB64-4855-9A05-2F60B61A4F23}.Release|Any CPU.ActiveCfg = Release|x64
		{8775E647-DB64-4855-9A05-2F60B61A4F23}.Release|Any CPU.Build.0 = Release|x64
		{1D4389F9-48FF-4C87-8BD4-E0BF331679BA}.Debug|Any CPU.ActiveCfg = Debug|x64
		{1D4389F9-48FF-4C87-8BD4-E0BF331679BA}.Debug|Any CPU.Build.0 = Debug|x64
		{1D4389F9-48FF-4C87-8BD4-E0BF331679BA}.Release|Any CPU.ActiveCfg = Release|x64
		{1D4389F9-48FF-4C87-8BD4-E0BF331679BA}.Release|Any CPU.Build.0 = Release|x64
		{DA70CFB4-2768-4BF4-91F1-2BB7F9211DC9}.Debug|Any CPU.ActiveCfg = Debug|x64
		{DA70CFB4-2768-4BF4-91F1-2BB7F9211DC9}.Debug|Any CPU.Build.0 = Debug|x64
		{DA70CFB4-2768-4BF4-91F1-2BB7F9211DC9}.Release|Any CPU.ActiveCfg = Release|x64
		{DA70CFB4-2768-4BF4-91F1-2BB7F9211DC9}.Release|Any CPU.Build.0 = Release|x64
	EndGlobalSection
EndGlobal
